
Microsoft Visual Studio Solution File, Format Version 12.00
# Visual Studio Version 16
VisualStudioVersion = 16.0.29503.13
MinimumVisualStudioVersion = 10.0.40219.1
Project("{FAE04EC0-301F-11D3-BF4B-00C04F79EFBC}") = "3.10.1", "3.10.1\3.10.1.csproj", "{5CFA7120-EA71-4BE7-9C8D-43A5E88799E5}"
EndProject
Global
	GlobalSection(SolutionConfigurationPlatforms) = preSolution
		Debug|Any CPU = Debug|Any CPU
		Release|Any CPU = Release|Any CPU
	EndGlobalSection
	GlobalSection(ProjectConfigurationPlatforms) = postSolution
		{5CFA7120-EA71-4BE7-9C8D-43A5E88799E5}.Debug|Any CPU.ActiveCfg = Debug|Any CPU
		{5CFA7120-EA71-4BE7-9C8D-43A5E88799E5}.Debug|Any CPU.Build.0 = Debug|Any CPU
		{5CFA7120-EA71-4BE7-9C8D-43A5E88799E5}.Release|Any CPU.ActiveCfg = Release|Any CPU
		{5CFA7120-EA71-4BE7-9C8D-43A5E88799E5}.Release|Any CPU.Build.0 = Release|Any CPU
	EndGlobalSection
	GlobalSection(SolutionProperties) = preSolution
		HideSolutionNode = FALSE
	EndGlobalSection
	GlobalSection(ExtensibilityGlobals) = postSolution
		SolutionGuid = {0D5E28BC-F03B-4CAA-8FF7-31C476E3BC6B}
	EndGlobalSection
EndGlobal
