
Microsoft Visual Studio Solution File, Format Version 12.00
# Visual Studio Version 16
VisualStudioVersion = 16.0.29503.13
MinimumVisualStudioVersion = 10.0.40219.1
Project("{FAE04EC0-301F-11D3-BF4B-00C04F79EFBC}") = "Task3.3", "Task3.3\Task3.3.csproj", "{B86BD82C-4E4A-42BA-A5D9-43376AE49227}"
EndProject
Global
	GlobalSection(SolutionConfigurationPlatforms) = preSolution
		Debug|Any CPU = Debug|Any CPU
		Release|Any CPU = Release|Any CPU
	EndGlobalSection
	GlobalSection(ProjectConfigurationPlatforms) = postSolution
		{B86BD82C-4E4A-42BA-A5D9-43376AE49227}.Debug|Any CPU.ActiveCfg = Debug|Any CPU
		{B86BD82C-4E4A-42BA-A5D9-43376AE49227}.Debug|Any CPU.Build.0 = Debug|Any CPU
		{B86BD82C-4E4A-42BA-A5D9-43376AE49227}.Release|Any CPU.ActiveCfg = Release|Any CPU
		{B86BD82C-4E4A-42BA-A5D9-43376AE49227}.Release|Any CPU.Build.0 = Release|Any CPU
	EndGlobalSection
	GlobalSection(SolutionProperties) = preSolution
		HideSolutionNode = FALSE
	EndGlobalSection
	GlobalSection(ExtensibilityGlobals) = postSolution
		SolutionGuid = {771D5816-3F38-427E-AFF0-4C461D4A186D}
	EndGlobalSection
EndGlobal
